
Microsoft Visual Studio Solution File, Format Version 12.00
# Visual Studio Version 17
VisualStudioVersion = 17.14.36414.22
MinimumVisualStudioVersion = 10.0.40219.1
Project("{FAE04EC0-301F-11D3-BF4B-00C04F79EFBC}") = "Dedupligator.App", "Dedupligator.App\Dedupligator.App.csproj", "{654BFB3D-E251-4C22-840E-5B7D42279977}"
EndProject
Project("{FAE04EC0-301F-11D3-BF4B-00C04F79EFBC}") = "Dedupligator.Services", "Dedupligator.Services\Dedupligator.Services.csproj", "{204B805B-2B88-4F5E-8D13-37A0B7D2B3A9}"
EndProject
Project("{2150E333-8FDC-42A3-9474-1A3956D46DE8}") = "Test", "Test", "{02EA681E-C7D8-13C7-8484-4AC65E1B71E8}"
EndProject
Project("{FAE04EC0-301F-11D3-BF4B-00C04F79EFBC}") = "TestApp", "TestApp\TestApp.csproj", "{3F255184-C814-47B5-A129-5396B5008BC8}"
EndProject
Global
	GlobalSection(SolutionConfigurationPlatforms) = preSolution
		Debug|Any CPU = Debug|Any CPU
		Release|Any CPU = Release|Any CPU
	EndGlobalSection
	GlobalSection(ProjectConfigurationPlatforms) = postSolution
		{654BFB3D-E251-4C22-840E-5B7D42279977}.Debug|Any CPU.ActiveCfg = Debug|Any CPU
		{654BFB3D-E251-4C22-840E-5B7D42279977}.Debug|Any CPU.Build.0 = Debug|Any CPU
		{654BFB3D-E251-4C22-840E-5B7D42279977}.Release|Any CPU.ActiveCfg = Release|Any CPU
		{654BFB3D-E251-4C22-840E-5B7D42279977}.Release|Any CPU.Build.0 = Release|Any CPU
		{204B805B-2B88-4F5E-8D13-37A0B7D2B3A9}.Debug|Any CPU.ActiveCfg = Debug|Any CPU
		{204B805B-2B88-4F5E-8D13-37A0B7D2B3A9}.Debug|Any CPU.Build.0 = Debug|Any CPU
		{204B805B-2B88-4F5E-8D13-37A0B7D2B3A9}.Release|Any CPU.ActiveCfg = Release|Any CPU
		{204B805B-2B88-4F5E-8D13-37A0B7D2B3A9}.Release|Any CPU.Build.0 = Release|Any CPU
		{3F255184-C814-47B5-A129-5396B5008BC8}.Debug|Any CPU.ActiveCfg = Debug|Any CPU
		{3F255184-C814-47B5-A129-5396B5008BC8}.Debug|Any CPU.Build.0 = Debug|Any CPU
		{3F255184-C814-47B5-A129-5396B5008BC8}.Release|Any CPU.ActiveCfg = Release|Any CPU
		{3F255184-C814-47B5-A129-5396B5008BC8}.Release|Any CPU.Build.0 = Release|Any CPU
	EndGlobalSection
	GlobalSection(SolutionProperties) = preSolution
		HideSolutionNode = FALSE
	EndGlobalSection
	GlobalSection(NestedProjects) = preSolution
		{3F255184-C814-47B5-A129-5396B5008BC8} = {02EA681E-C7D8-13C7-8484-4AC65E1B71E8}
	EndGlobalSection
	GlobalSection(ExtensibilityGlobals) = postSolution
		SolutionGuid = {C966E968-2E53-4E10-9AC0-205B5CED119E}
	EndGlobalSection
EndGlobal
